{
  "version": "2",
  "remote": {
    "https://deno.land/std@0.184.0/collections/filter_values.ts": "5b9feaf17b9a6e5ffccdd36cf6f38fa4ffa94cff2602d381c2ad0c2a97929652",
    "https://deno.land/std@0.184.0/collections/without_all.ts": "a89f5da0b5830defed4f59666e188df411d8fece35a5f6ca69be6ca71a95c185",
    "https://deno.land/std@0.184.0/dotenv/load.ts": "0636983549b98f29ab75c9a22a42d9723f0a389ece5498fe971e7bb2556a12e2",
    "https://deno.land/std@0.184.0/dotenv/mod.ts": "e4c3cdbe11f05340e1217a4ebe2e6f2eef49e11c8d7d2595bb977923a396e18b"
  },
  "npm": {
    "specifiers": {
      "prettier": "prettier@2.8.7",
      "turndown": "turndown@7.1.2"
    },
    "packages": {
      "domino@2.1.6": {
        "integrity": "sha512-3VdM/SXBZX2omc9JF9nOPCtDaYQ67BGp5CoLpIQlO2KCAPETs8TcDHacF26jXadGbvUteZzRTeos2fhID5+ucQ==",
        "dependencies": {}
      },
      "prettier@2.8.7": {
        "integrity": "sha512-yPngTo3aXUUmyuTjeTUT75txrf+aMh9FiD7q9ZE/i6r0bPb22g4FsE6Y338PQX1bmfy08i9QQCB7/rcUAVntfw==",
        "dependencies": {}
      },
      "turndown@7.1.2": {
        "integrity": "sha512-ntI9R7fcUKjqBP6QU8rBK2Ehyt8LAzt3UBT9JR9tgo6GtuKvyUzpayWmeMKJw1DPdXzktvtIT8m2mVXz+bL/Qg==",
        "dependencies": {
          "domino": "domino@2.1.6"
        }
      }
    }
  }
}
